
Microsoft Visual Studio Solution File, Format Version 12.00
# Visual Studio Version 17
VisualStudioVersion = 17.14.36414.22 d17.14
MinimumVisualStudioVersion = 10.0.40219.1
Project("{FAE04EC0-301F-11D3-BF4B-00C04F79EFBC}") = "AppPablo", "AppPablo.csproj", "{BBDF245C-8280-4004-A72F-56961FB36631}"
EndProject
Global
	GlobalSection(SolutionConfigurationPlatforms) = preSolution
		Debug|ARM64 = Debug|ARM64
		Debug|x64 = Debug|x64
		Debug|x86 = Debug|x86
		Release|ARM64 = Release|ARM64
		Release|x64 = Release|x64
		Release|x86 = Release|x86
	EndGlobalSection
	GlobalSection(ProjectConfigurationPlatforms) = postSolution
		{BBDF245C-8280-4004-A72F-56961FB36631}.Debug|ARM64.ActiveCfg = Debug|ARM64
		{BBDF245C-8280-4004-A72F-56961FB36631}.Debug|ARM64.Build.0 = Debug|ARM64
		{BBDF245C-8280-4004-A72F-56961FB36631}.Debug|ARM64.Deploy.0 = Debug|ARM64
		{BBDF245C-8280-4004-A72F-56961FB36631}.Debug|x64.ActiveCfg = Release|x64
		{BBDF245C-8280-4004-A72F-56961FB36631}.Debug|x64.Build.0 = Release|x64
		{BBDF245C-8280-4004-A72F-56961FB36631}.Debug|x64.Deploy.0 = Release|x64
		{BBDF245C-8280-4004-A72F-56961FB36631}.Debug|x86.ActiveCfg = Debug|x86
		{BBDF245C-8280-4004-A72F-56961FB36631}.Debug|x86.Build.0 = Debug|x86
		{BBDF245C-8280-4004-A72F-56961FB36631}.Debug|x86.Deploy.0 = Debug|x86
		{BBDF245C-8280-4004-A72F-56961FB36631}.Release|ARM64.ActiveCfg = Release|ARM64
		{BBDF245C-8280-4004-A72F-56961FB36631}.Release|ARM64.Build.0 = Release|ARM64
		{BBDF245C-8280-4004-A72F-56961FB36631}.Release|ARM64.Deploy.0 = Release|ARM64
		{BBDF245C-8280-4004-A72F-56961FB36631}.Release|x64.ActiveCfg = Release|x64
		{BBDF245C-8280-4004-A72F-56961FB36631}.Release|x64.Build.0 = Release|x64
		{BBDF245C-8280-4004-A72F-56961FB36631}.Release|x64.Deploy.0 = Release|x64
		{BBDF245C-8280-4004-A72F-56961FB36631}.Release|x86.ActiveCfg = Release|x86
		{BBDF245C-8280-4004-A72F-56961FB36631}.Release|x86.Build.0 = Release|x86
		{BBDF245C-8280-4004-A72F-56961FB36631}.Release|x86.Deploy.0 = Release|x86
	EndGlobalSection
	GlobalSection(SolutionProperties) = preSolution
		HideSolutionNode = FALSE
	EndGlobalSection
	GlobalSection(ExtensibilityGlobals) = postSolution
		SolutionGuid = {695A9BF1-CB6E-4885-8815-2A53CFDEE933}
	EndGlobalSection
EndGlobal
